// !$*UTF8*$!
{
	archiveVersion = 1;
	classes = {
	};
	objectVersion = 50;
	objects = {

/* Begin PBXBuildFile section */
		B000DBC1220242E1004E8223 /* AppDelegate.swift in Sources */ = {isa = PBXBuildFile; fileRef = B000DBC0220242E1004E8223 /* AppDelegate.swift */; };
		B000DBC8220242E3004E8223 /* Assets.xcassets in Resources */ = {isa = PBXBuildFile; fileRef = B000DBC7220242E3004E8223 /* Assets.xcassets */; };
		B000DBCB220242E3004E8223 /* LaunchScreen.storyboard in Resources */ = {isa = PBXBuildFile; fileRef = B000DBC9220242E3004E8223 /* LaunchScreen.storyboard */; };
		B000DBD322024342004E8223 /* Networking.swift in Sources */ = {isa = PBXBuildFile; fileRef = B000DBD222024342004E8223 /* Networking.swift */; };
		B000DBD522025B94004E8223 /* HomeViewController.swift in Sources */ = {isa = PBXBuildFile; fileRef = B000DBD422025B94004E8223 /* HomeViewController.swift */; };
		B000DBD722025BA6004E8223 /* Home.storyboard in Resources */ = {isa = PBXBuildFile; fileRef = B000DBD622025BA6004E8223 /* Home.storyboard */; };
		B000DBD92202630F004E8223 /* SchoolDetailsViewController.swift in Sources */ = {isa = PBXBuildFile; fileRef = B000DBD82202630F004E8223 /* SchoolDetailsViewController.swift */; };
		B000DBDD2202B3B7004E8223 /* School.swift in Sources */ = {isa = PBXBuildFile; fileRef = B000DBDC2202B3B7004E8223 /* School.swift */; };
		B000DBE52202B417004E8223 /* _0190130_KellyDoan_NYCSchoolsTests.swift in Sources */ = {isa = PBXBuildFile; fileRef = B000DBE42202B417004E8223 /* _0190130_KellyDoan_NYCSchoolsTests.swift */; };
		B000DBEC2202B5F4004E8223 /* School.swift in Sources */ = {isa = PBXBuildFile; fileRef = B000DBDC2202B3B7004E8223 /* School.swift */; };
/* End PBXBuildFile section */

/* Begin PBXContainerItemProxy section */
		B000DBE72202B417004E8223 /* PBXContainerItemProxy */ = {
			isa = PBXContainerItemProxy;
			containerPortal = B000DBB5220242E1004E8223 /* Project object */;
			proxyType = 1;
			remoteGlobalIDString = B000DBBC220242E1004E8223;
			remoteInfo = "20190130-KellyDoan-NYCSchools";
		};
/* End PBXContainerItemProxy section */

/* Begin PBXFileReference section */
		B000DBBD220242E1004E8223 /* 20190130-KellyDoan-NYCSchools.app */ = {isa = PBXFileReference; explicitFileType = wrapper.application; includeInIndex = 0; path = "20190130-KellyDoan-NYCSchools.app"; sourceTree = BUILT_PRODUCTS_DIR; };
		B000DBC0220242E1004E8223 /* AppDelegate.swift */ = {isa = PBXFileReference; lastKnownFileType = sourcecode.swift; path = AppDelegate.swift; sourceTree = "<group>"; };
		B000DBC7220242E3004E8223 /* Assets.xcassets */ = {isa = PBXFileReference; lastKnownFileType = folder.assetcatalog; path = Assets.xcassets; sourceTree = "<group>"; };
		B000DBCA220242E3004E8223 /* Base */ = {isa = PBXFileReference; lastKnownFileType = file.storyboard; name = Base; path = Base.lproj/LaunchScreen.storyboard; sourceTree = "<group>"; };
		B000DBCC220242E3004E8223 /* Info.plist */ = {isa = PBXFileReference; lastKnownFileType = text.plist.xml; path = Info.plist; sourceTree = "<group>"; };
		B000DBD222024342004E8223 /* Networking.swift */ = {isa = PBXFileReference; lastKnownFileType = sourcecode.swift; path = Networking.swift; sourceTree = "<group>"; };
		B000DBD422025B94004E8223 /* HomeViewController.swift */ = {isa = PBXFileReference; lastKnownFileType = sourcecode.swift; path = HomeViewController.swift; sourceTree = "<group>"; };
		B000DBD622025BA6004E8223 /* Home.storyboard */ = {isa = PBXFileReference; lastKnownFileType = file.storyboard; path = Home.storyboard; sourceTree = "<group>"; };
		B000DBD82202630F004E8223 /* SchoolDetailsViewController.swift */ = {isa = PBXFileReference; lastKnownFileType = sourcecode.swift; path = SchoolDetailsViewController.swift; sourceTree = "<group>"; };
		B000DBDC2202B3B7004E8223 /* School.swift */ = {isa = PBXFileReference; lastKnownFileType = sourcecode.swift; path = School.swift; sourceTree = "<group>"; };
		B000DBE22202B417004E8223 /* 20190130-KellyDoan-NYCSchoolsTests.xctest */ = {isa = PBXFileReference; explicitFileType = wrapper.cfbundle; includeInIndex = 0; path = "20190130-KellyDoan-NYCSchoolsTests.xctest"; sourceTree = BUILT_PRODUCTS_DIR; };
		B000DBE42202B417004E8223 /* _0190130_KellyDoan_NYCSchoolsTests.swift */ = {isa = PBXFileReference; lastKnownFileType = sourcecode.swift; path = _0190130_KellyDoan_NYCSchoolsTests.swift; sourceTree = "<group>"; };
		B000DBE62202B417004E8223 /* Info.plist */ = {isa = PBXFileReference; lastKnownFileType = text.plist.xml; path = Info.plist; sourceTree = "<group>"; };
/* End PBXFileReference section */

/* Begin PBXFrameworksBuildPhase section */
		B000DBBA220242E1004E8223 /* Frameworks */ = {
			isa = PBXFrameworksBuildPhase;
			buildActionMask = 2147483647;
			files = (
			);
			runOnlyForDeploymentPostprocessing = 0;
		};
		B000DBDF2202B417004E8223 /* Frameworks */ = {
			isa = PBXFrameworksBuildPhase;
			buildActionMask = 2147483647;
			files = (
			);
			runOnlyForDeploymentPostprocessing = 0;
		};
/* End PBXFrameworksBuildPhase section */

/* Begin PBXGroup section */
		B000DBB4220242E1004E8223 = {
			isa = PBXGroup;
			children = (
				B000DBBF220242E1004E8223 /* 20190130-KellyDoan-NYCSchools */,
				B000DBE32202B417004E8223 /* 20190130-KellyDoan-NYCSchoolsTests */,
				B000DBBE220242E1004E8223 /* Products */,
			);
			sourceTree = "<group>";
		};
		B000DBBE220242E1004E8223 /* Products */ = {
			isa = PBXGroup;
			children = (
				B000DBBD220242E1004E8223 /* 20190130-KellyDoan-NYCSchools.app */,
				B000DBE22202B417004E8223 /* 20190130-KellyDoan-NYCSchoolsTests.xctest */,
			);
			name = Products;
			sourceTree = "<group>";
		};
		B000DBBF220242E1004E8223 /* 20190130-KellyDoan-NYCSchools */ = {
			isa = PBXGroup;
			children = (
				B0A50F0E2203806B00567C57 /* Controllers */,
				B0A50F0C2203803D00567C57 /* Views */,
				B0A50F0D2203805A00567C57 /* Model */,
				B0A50F0F220380A200567C57 /* Resources */,
			);
			path = "20190130-KellyDoan-NYCSchools";
			sourceTree = "<group>";
		};
		B000DBE32202B417004E8223 /* 20190130-KellyDoan-NYCSchoolsTests */ = {
			isa = PBXGroup;
			children = (
				B000DBE42202B417004E8223 /* _0190130_KellyDoan_NYCSchoolsTests.swift */,
				B000DBE62202B417004E8223 /* Info.plist */,
			);
			path = "20190130-KellyDoan-NYCSchoolsTests";
			sourceTree = "<group>";
		};
		B0A50F0C2203803D00567C57 /* Views */ = {
			isa = PBXGroup;
			children = (
				B000DBD622025BA6004E8223 /* Home.storyboard */,
				B000DBC9220242E3004E8223 /* LaunchScreen.storyboard */,
			);
			path = Views;
			sourceTree = "<group>";
		};
		B0A50F0D2203805A00567C57 /* Model */ = {
			isa = PBXGroup;
			children = (
				B000DBD222024342004E8223 /* Networking.swift */,
				B000DBDC2202B3B7004E8223 /* School.swift */,
			);
			path = Model;
			sourceTree = "<group>";
		};
		B0A50F0E2203806B00567C57 /* Controllers */ = {
			isa = PBXGroup;
			children = (
				B000DBD422025B94004E8223 /* HomeViewController.swift */,
				B000DBD82202630F004E8223 /* SchoolDetailsViewController.swift */,
			);
			path = Controllers;
			sourceTree = "<group>";
		};
		B0A50F0F220380A200567C57 /* Resources */ = {
			isa = PBXGroup;
			children = (
				B000DBCC220242E3004E8223 /* Info.plist */,
				B000DBC0220242E1004E8223 /* AppDelegate.swift */,
				B000DBC7220242E3004E8223 /* Assets.xcassets */,
			);
			name = Resources;
			sourceTree = "<group>";
		};
/* End PBXGroup section */

/* Begin PBXNativeTarget section */
		B000DBBC220242E1004E8223 /* 20190130-KellyDoan-NYCSchools */ = {
			isa = PBXNativeTarget;
			buildConfigurationList = B000DBCF220242E3004E8223 /* Build configuration list for PBXNativeTarget "20190130-KellyDoan-NYCSchools" */;
			buildPhases = (
				B000DBB9220242E1004E8223 /* Sources */,
				B000DBBA220242E1004E8223 /* Frameworks */,
				B000DBBB220242E1004E8223 /* Resources */,
			);
			buildRules = (
			);
			dependencies = (
			);
			name = "20190130-KellyDoan-NYCSchools";
			productName = "20190130-KellyDoan-NYCSchools";
			productReference = B000DBBD220242E1004E8223 /* 20190130-KellyDoan-NYCSchools.app */;
			productType = "com.apple.product-type.application";
		};
		B000DBE12202B417004E8223 /* 20190130-KellyDoan-NYCSchoolsTests */ = {
			isa = PBXNativeTarget;
			buildConfigurationList = B000DBE92202B417004E8223 /* Build configuration list for PBXNativeTarget "20190130-KellyDoan-NYCSchoolsTests" */;
			buildPhases = (
				B000DBDE2202B417004E8223 /* Sources */,
				B000DBDF2202B417004E8223 /* Frameworks */,
				B000DBE02202B417004E8223 /* Resources */,
			);
			buildRules = (
			);
			dependencies = (
				B000DBE82202B417004E8223 /* PBXTargetDependency */,
			);
			name = "20190130-KellyDoan-NYCSchoolsTests";
			productName = "20190130-KellyDoan-NYCSchoolsTests";
			productReference = B000DBE22202B417004E8223 /* 20190130-KellyDoan-NYCSchoolsTests.xctest */;
			productType = "com.apple.product-type.bundle.unit-test";
		};
/* End PBXNativeTarget section */

/* Begin PBXProject section */
		B000DBB5220242E1004E8223 /* Project object */ = {
			isa = PBXProject;
			attributes = {
				LastSwiftUpdateCheck = 1010;
				LastUpgradeCheck = 1010;
				ORGANIZATIONNAME = "Thao Doan";
				TargetAttributes = {
					B000DBBC220242E1004E8223 = {
						CreatedOnToolsVersion = 10.1;
					};
					B000DBE12202B417004E8223 = {
						CreatedOnToolsVersion = 10.1;
						TestTargetID = B000DBBC220242E1004E8223;
					};
				};
			};
			buildConfigurationList = B000DBB8220242E1004E8223 /* Build configuration list for PBXProject "20190130-KellyDoan-NYCSchools" */;
			compatibilityVersion = "Xcode 9.3";
			developmentRegion = en;
			hasScannedForEncodings = 0;
			knownRegions = (
				en,
				Base,
			);
			mainGroup = B000DBB4220242E1004E8223;
			productRefGroup = B000DBBE220242E1004E8223 /* Products */;
			projectDirPath = "";
			projectRoot = "";
			targets = (
				B000DBBC220242E1004E8223 /* 20190130-KellyDoan-NYCSchools */,
				B000DBE12202B417004E8223 /* 20190130-KellyDoan-NYCSchoolsTests */,
			);
		};
/* End PBXProject section */

/* Begin PBXResourcesBuildPhase section */
		B000DBBB220242E1004E8223 /* Resources */ = {
			isa = PBXResourcesBuildPhase;
			buildActionMask = 2147483647;
			files = (
				B000DBD722025BA6004E8223 /* Home.storyboard in Resources */,
				B000DBCB220242E3004E8223 /* LaunchScreen.storyboard in Resources */,
				B000DBC8220242E3004E8223 /* Assets.xcassets in Resources */,
			);
			runOnlyForDeploymentPostprocessing = 0;
		};
		B000DBE02202B417004E8223 /* Resources */ = {
			isa = PBXResourcesBuildPhase;
			buildActionMask = 2147483647;
			files = (
			);
			runOnlyForDeploymentPostprocessing = 0;
		};
/* End PBXResourcesBuildPhase section */

/* Begin PBXSourcesBuildPhase section */
		B000DBB9220242E1004E8223 /* Sources */ = {
			isa = PBXSourcesBuildPhase;
			buildActionMask = 2147483647;
			files = (
				B000DBD322024342004E8223 /* Networking.swift in Sources */,
				B000DBC1220242E1004E8223 /* AppDelegate.swift in Sources */,
				B000DBD522025B94004E8223 /* HomeViewController.swift in Sources */,
				B000DBDD2202B3B7004E8223 /* School.swift in Sources */,
				B000DBD92202630F004E8223 /* SchoolDetailsViewController.swift in Sources */,
			);
			runOnlyForDeploymentPostprocessing = 0;
		};
		B000DBDE2202B417004E8223 /* Sources */ = {
			isa = PBXSourcesBuildPhase;
			buildActionMask = 2147483647;
			files = (
				B000DBE52202B417004E8223 /* _0190130_KellyDoan_NYCSchoolsTests.swift in Sources */,
				B000DBEC2202B5F4004E8223 /* School.swift in Sources */,
			);
			runOnlyForDeploymentPostprocessing = 0;
		};
/* End PBXSourcesBuildPhase section */

/* Begin PBXTargetDependency section */
		B000DBE82202B417004E8223 /* PBXTargetDependency */ = {
			isa = PBXTargetDependency;
			target = B000DBBC220242E1004E8223 /* 20190130-KellyDoan-NYCSchools */;
			targetProxy = B000DBE72202B417004E8223 /* PBXContainerItemProxy */;
		};
/* End PBXTargetDependency section */

/* Begin PBXVariantGroup section */
		B000DBC9220242E3004E8223 /* LaunchScreen.storyboard */ = {
			isa = PBXVariantGroup;
			children = (
				B000DBCA220242E3004E8223 /* Base */,
			);
			name = LaunchScreen.storyboard;
			sourceTree = "<group>";
		};
/* End PBXVariantGroup section */

/* Begin XCBuildConfiguration section */
		B000DBCD220242E3004E8223 /* Debug */ = {
			isa = XCBuildConfiguration;
			buildSettings = {
				ALWAYS_SEARCH_USER_PATHS = NO;
				CLANG_ANALYZER_NONNULL = YES;
				CLANG_ANALYZER_NUMBER_OBJECT_CONVERSION = YES_AGGRESSIVE;
				CLANG_CXX_LANGUAGE_STANDARD = "gnu++14";
				CLANG_CXX_LIBRARY = "libc++";
				CLANG_ENABLE_MODULES = YES;
				CLANG_ENABLE_OBJC_ARC = YES;
				CLANG_ENABLE_OBJC_WEAK = YES;
				CLANG_WARN_BLOCK_CAPTURE_AUTORELEASING = YES;
				CLANG_WARN_BOOL_CONVERSION = YES;
				CLANG_WARN_COMMA = YES;
				CLANG_WARN_CONSTANT_CONVERSION = YES;
				CLANG_WARN_DEPRECATED_OBJC_IMPLEMENTATIONS = YES;
				CLANG_WARN_DIRECT_OBJC_ISA_USAGE = YES_ERROR;
				CLANG_WARN_DOCUMENTATION_COMMENTS = YES;
				CLANG_WARN_EMPTY_BODY = YES;
				CLANG_WARN_ENUM_CONVERSION = YES;
				CLANG_WARN_INFINITE_RECURSION = YES;
				CLANG_WARN_INT_CONVERSION = YES;
				CLANG_WARN_NON_LITERAL_NULL_CONVERSION = YES;
				CLANG_WARN_OBJC_IMPLICIT_RETAIN_SELF = YES;
				CLANG_WARN_OBJC_LITERAL_CONVERSION = YES;
				CLANG_WARN_OBJC_ROOT_CLASS = YES_ERROR;
				CLANG_WARN_RANGE_LOOP_ANALYSIS = YES;
				CLANG_WARN_STRICT_PROTOTYPES = YES;
				CLANG_WARN_SUSPICIOUS_MOVE = YES;
				CLANG_WARN_UNGUARDED_AVAILABILITY = YES_AGGRESSIVE;
				CLANG_WARN_UNREACHABLE_CODE = YES;
				CLANG_WARN__DUPLICATE_METHOD_MATCH = YES;
				CODE_SIGN_IDENTITY = "iPhone Developer";
				COPY_PHASE_STRIP = NO;
				DEBUG_INFORMATION_FORMAT = dwarf;
				ENABLE_STRICT_OBJC_MSGSEND = YES;
				ENABLE_TESTABILITY = YES;
				GCC_C_LANGUAGE_STANDARD = gnu11;
				GCC_DYNAMIC_NO_PIC = NO;
				GCC_NO_COMMON_BLOCKS = YES;
				GCC_OPTIMIZATION_LEVEL = 0;
				GCC_PREPROCESSOR_DEFINITIONS = (
					"DEBUG=1",
					"$(inherited)",
				);
				GCC_WARN_64_TO_32_BIT_CONVERSION = YES;
				GCC_WARN_ABOUT_RETURN_TYPE = YES_ERROR;
				GCC_WARN_UNDECLARED_SELECTOR = YES;
				GCC_WARN_UNINITIALIZED_AUTOS = YES_AGGRESSIVE;
				GCC_WARN_UNUSED_FUNCTION = YES;
				GCC_WARN_UNUSED_VARIABLE = YES;
				IPHONEOS_DEPLOYMENT_TARGET = 12.1;
				MTL_ENABLE_DEBUG_INFO = INCLUDE_SOURCE;
				MTL_FAST_MATH = YES;
				ONLY_ACTIVE_ARCH = YES;
				SDKROOT = iphoneos;
				SWIFT_ACTIVE_COMPILATION_CONDITIONS = DEBUG;
				SWIFT_OPTIMIZATION_LEVEL = "-Onone";
			};
			name = Debug;
		};
		B000DBCE220242E3004E8223 /* Release */ = {
			isa = XCBuildConfiguration;
			buildSettings = {
				ALWAYS_SEARCH_USER_PATHS = NO;
				CLANG_ANALYZER_NONNULL = YES;
				CLANG_ANALYZER_NUMBER_OBJECT_CONVERSION = YES_AGGRESSIVE;
				CLANG_CXX_LANGUAGE_STANDARD = "gnu++14";
				CLANG_CXX_LIBRARY = "libc++";
				CLANG_ENABLE_MODULES = YES;
				CLANG_ENABLE_OBJC_ARC = YES;
				CLANG_ENABLE_OBJC_WEAK = YES;
				CLANG_WARN_BLOCK_CAPTURE_AUTORELEASING = YES;
				CLANG_WARN_BOOL_CONVERSION = YES;
				CLANG_WARN_COMMA = YES;
				CLANG_WARN_CONSTANT_CONVERSION = YES;
				CLANG_WARN_DEPRECATED_OBJC_IMPLEMENTATIONS = YES;
				CLANG_WARN_DIRECT_OBJC_ISA_USAGE = YES_ERROR;
				CLANG_WARN_DOCUMENTATION_COMMENTS = YES;
				CLANG_WARN_EMPTY_BODY = YES;
				CLANG_WARN_ENUM_CONVERSION = YES;
				CLANG_WARN_INFINITE_RECURSION = YES;
				CLANG_WARN_INT_CONVERSION = YES;
				CLANG_WARN_NON_LITERAL_NULL_CONVERSION = YES;
				CLANG_WARN_OBJC_IMPLICIT_RETAIN_SELF = YES;
				CLANG_WARN_OBJC_LITERAL_CONVERSION = YES;
				CLANG_WARN_OBJC_ROOT_CLASS = YES_ERROR;
				CLANG_WARN_RANGE_LOOP_ANALYSIS = YES;
				CLANG_WARN_STRICT_PROTOTYPES = YES;
				CLANG_WARN_SUSPICIOUS_MOVE = YES;
				CLANG_WARN_UNGUARDED_AVAILABILITY = YES_AGGRESSIVE;
				CLANG_WARN_UNREACHABLE_CODE = YES;
				CLANG_WARN__DUPLICATE_METHOD_MATCH = YES;
				CODE_SIGN_IDENTITY = "iPhone Developer";
				COPY_PHASE_STRIP = NO;
				DEBUG_INFORMATION_FORMAT = "dwarf-with-dsym";
				ENABLE_NS_ASSERTIONS = NO;
				ENABLE_STRICT_OBJC_MSGSEND = YES;
				GCC_C_LANGUAGE_STANDARD = gnu11;
				GCC_NO_COMMON_BLOCKS = YES;
				GCC_WARN_64_TO_32_BIT_CONVERSION = YES;
				GCC_WARN_ABOUT_RETURN_TYPE = YES_ERROR;
				GCC_WARN_UNDECLARED_SELECTOR = YES;
				GCC_WARN_UNINITIALIZED_AUTOS = YES_AGGRESSIVE;
				GCC_WARN_UNUSED_FUNCTION = YES;
				GCC_WARN_UNUSED_VARIABLE = YES;
				IPHONEOS_DEPLOYMENT_TARGET = 12.1;
				MTL_ENABLE_DEBUG_INFO = NO;
				MTL_FAST_MATH = YES;
				SDKROOT = iphoneos;
				SWIFT_COMPILATION_MODE = wholemodule;
				SWIFT_OPTIMIZATION_LEVEL = "-O";
				VALIDATE_PRODUCT = YES;
			};
			name = Release;
		};
		B000DBD0220242E3004E8223 /* Debug */ = {
			isa = XCBuildConfiguration;
			buildSettings = {
				ASSETCATALOG_COMPILER_APPICON_NAME = AppIcon;
				CODE_SIGN_STYLE = Automatic;
				DEVELOPMENT_TEAM = S7CCUH8W47;
				INFOPLIST_FILE = "20190130-KellyDoan-NYCSchools/Info.plist";
				IPHONEOS_DEPLOYMENT_TARGET = 10.3;
				LD_RUNPATH_SEARCH_PATHS = (
					"$(inherited)",
					"@executable_path/Frameworks",
				);
				PRODUCT_BUNDLE_IDENTIFIER = "com.teadoan.-0190130-KellyDoan-NYCSchools";
				PRODUCT_NAME = "$(TARGET_NAME)";
				SWIFT_VERSION = 4.2;
				TARGETED_DEVICE_FAMILY = "1,2";
			};
			name = Debug;
		};
		B000DBD1220242E3004E8223 /* Release */ = {
			isa = XCBuildConfiguration;
			buildSettings = {
				ASSETCATALOG_COMPILER_APPICON_NAME = AppIcon;
				CODE_SIGN_STYLE = Automatic;
				DEVELOPMENT_TEAM = S7CCUH8W47;
				INFOPLIST_FILE = "20190130-KellyDoan-NYCSchools/Info.plist";
				IPHONEOS_DEPLOYMENT_TARGET = 10.3;
				LD_RUNPATH_SEARCH_PATHS = (
					"$(inherited)",
					"@executable_path/Frameworks",
				);
				PRODUCT_BUNDLE_IDENTIFIER = "com.teadoan.-0190130-KellyDoan-NYCSchools";
				PRODUCT_NAME = "$(TARGET_NAME)";
				SWIFT_VERSION = 4.2;
				TARGETED_DEVICE_FAMILY = "1,2";
			};
			name = Release;
		};
		B000DBEA2202B417004E8223 /* Debug */ = {
			isa = XCBuildConfiguration;
			buildSettings = {
				BUNDLE_LOADER = "$(TEST_HOST)";
				CODE_SIGN_STYLE = Automatic;
				DEVELOPMENT_TEAM = S7CCUH8W47;
				INFOPLIST_FILE = "20190130-KellyDoan-NYCSchoolsTests/Info.plist";
				LD_RUNPATH_SEARCH_PATHS = (
					"$(inherited)",
					"@executable_path/Frameworks",
					"@loader_path/Frameworks",
				);
				PRODUCT_BUNDLE_IDENTIFIER = "com.teadoan.-0190130-KellyDoan-NYCSchoolsTests";
				PRODUCT_NAME = "$(TARGET_NAME)";
				SWIFT_VERSION = 4.2;
				TARGETED_DEVICE_FAMILY = "1,2";
				TEST_HOST = "$(BUILT_PRODUCTS_DIR)/20190130-KellyDoan-NYCSchools.app/20190130-KellyDoan-NYCSchools";
			};
			name = Debug;
		};
		B000DBEB2202B417004E8223 /* Release */ = {
			isa = XCBuildConfiguration;
			buildSettings = {
				BUNDLE_LOADER = "$(TEST_HOST)";
				CODE_SIGN_STYLE = Automatic;
				DEVELOPMENT_TEAM = S7CCUH8W47;
				INFOPLIST_FILE = "20190130-KellyDoan-NYCSchoolsTests/Info.plist";
				LD_RUNPATH_SEARCH_PATHS = (
					"$(inherited)",
					"@executable_path/Frameworks",
					"@loader_path/Frameworks",
				);
				PRODUCT_BUNDLE_IDENTIFIER = "com.teadoan.-0190130-KellyDoan-NYCSchoolsTests";
				PRODUCT_NAME = "$(TARGET_NAME)";
				SWIFT_VERSION = 4.2;
				TARGETED_DEVICE_FAMILY = "1,2";
				TEST_HOST = "$(BUILT_PRODUCTS_DIR)/20190130-KellyDoan-NYCSchools.app/20190130-KellyDoan-NYCSchools";
			};
			name = Release;
		};
/* End XCBuildConfiguration section */

/* Begin XCConfigurationList section */
		B000DBB8220242E1004E8223 /* Build configuration list for PBXProject "20190130-KellyDoan-NYCSchools" */ = {
			isa = XCConfigurationList;
			buildConfigurations = (
				B000DBCD220242E3004E8223 /* Debug */,
				B000DBCE220242E3004E8223 /* Release */,
			);
			defaultConfigurationIsVisible = 0;
			defaultConfigurationName = Release;
		};
		B000DBCF220242E3004E8223 /* Build configuration list for PBXNativeTarget "20190130-KellyDoan-NYCSchools" */ = {
			isa = XCConfigurationList;
			buildConfigurations = (
				B000DBD0220242E3004E8223 /* Debug */,
				B000DBD1220242E3004E8223 /* Release */,
			);
			defaultConfigurationIsVisible = 0;
			defaultConfigurationName = Release;
		};
		B000DBE92202B417004E8223 /* Build configuration list for PBXNativeTarget "20190130-KellyDoan-NYCSchoolsTests" */ = {
			isa = XCConfigurationList;
			buildConfigurations = (
				B000DBEA2202B417004E8223 /* Debug */,
				B000DBEB2202B417004E8223 /* Release */,
			);
			defaultConfigurationIsVisible = 0;
			defaultConfigurationName = Release;
		};
/* End XCConfigurationList section */
	};
	rootObject = B000DBB5220242E1004E8223 /* Project object */;
}
